
Microsoft Visual Studio Solution File, Format Version 12.00
# Visual Studio Version 16
VisualStudioVersion = 16.0.29728.190
MinimumVisualStudioVersion = 10.0.40219.1
Project("{FAE04EC0-301F-11D3-BF4B-00C04F79EFBC}") = "Project.Infrastructure", "Project.Infrastructure\Project.Infrastructure.csproj", "{045649D3-2330-4A3E-8CEA-94CF5564A7F5}"
EndProject
Project("{FAE04EC0-301F-11D3-BF4B-00C04F79EFBC}") = "Project.Domain", "Project.Domain\Project.Domain.csproj", "{15541E63-1432-4697-933A-6395F29E2367}"
EndProject
Project("{FAE04EC0-301F-11D3-BF4B-00C04F79EFBC}") = "Project.Api", "Project.Api\Project.Api.csproj", "{45528893-A4C7-4D22-AB04-4107FAE0699C}"
EndProject
Global
	GlobalSection(SolutionConfigurationPlatforms) = preSolution
		Debug|Any CPU = Debug|Any CPU
		Release|Any CPU = Release|Any CPU
	EndGlobalSection
	GlobalSection(ProjectConfigurationPlatforms) = postSolution
		{045649D3-2330-4A3E-8CEA-94CF5564A7F5}.Debug|Any CPU.ActiveCfg = Debug|Any CPU
		{045649D3-2330-4A3E-8CEA-94CF5564A7F5}.Debug|Any CPU.Build.0 = Debug|Any CPU
		{045649D3-2330-4A3E-8CEA-94CF5564A7F5}.Release|Any CPU.ActiveCfg = Release|Any CPU
		{045649D3-2330-4A3E-8CEA-94CF5564A7F5}.Release|Any CPU.Build.0 = Release|Any CPU
		{15541E63-1432-4697-933A-6395F29E2367}.Debug|Any CPU.ActiveCfg = Debug|Any CPU
		{15541E63-1432-4697-933A-6395F29E2367}.Debug|Any CPU.Build.0 = Debug|Any CPU
		{15541E63-1432-4697-933A-6395F29E2367}.Release|Any CPU.ActiveCfg = Release|Any CPU
		{15541E63-1432-4697-933A-6395F29E2367}.Release|Any CPU.Build.0 = Release|Any CPU
		{45528893-A4C7-4D22-AB04-4107FAE0699C}.Debug|Any CPU.ActiveCfg = Debug|Any CPU
		{45528893-A4C7-4D22-AB04-4107FAE0699C}.Debug|Any CPU.Build.0 = Debug|Any CPU
		{45528893-A4C7-4D22-AB04-4107FAE0699C}.Release|Any CPU.ActiveCfg = Release|Any CPU
		{45528893-A4C7-4D22-AB04-4107FAE0699C}.Release|Any CPU.Build.0 = Release|Any CPU
	EndGlobalSection
	GlobalSection(SolutionProperties) = preSolution
		HideSolutionNode = FALSE
	EndGlobalSection
	GlobalSection(ExtensibilityGlobals) = postSolution
		SolutionGuid = {3DBFAB42-02FB-4DCB-B67A-F1831B136D37}
	EndGlobalSection
EndGlobal
